
Microsoft Visual Studio Solution File, Format Version 12.00
# Visual Studio Version 16
VisualStudioVersion = 16.0.31515.178
MinimumVisualStudioVersion = 10.0.40219.1
Project("{8BC9CEB8-8B4A-11D0-8D11-00A0C91BC942}") = "Sandbox", "Sandbox\Sandbox.vcxproj", "{84724E60-9107-4315-B6AA-DDBC9F853F8A}"
EndProject
Project("{8BC9CEB8-8B4A-11D0-8D11-00A0C91BC942}") = "Condi", "Condi\Condi.vcxproj", "{26434566-01BE-42D4-BD27-9362A0BCC5C1}"
EndProject
Global
	GlobalSection(SolutionConfigurationPlatforms) = preSolution
		Debug|x64 = Debug|x64
		Release|x64 = Release|x64
	EndGlobalSection
	GlobalSection(ProjectConfigurationPlatforms) = postSolution
		{26434566-01BE-42D4-BD27-9362A0BCC5C1}.Debug|x64.ActiveCfg = Debug|x64
		{26434566-01BE-42D4-BD27-9362A0BCC5C1}.Debug|x64.Build.0 = Debug|x64
		{26434566-01BE-42D4-BD27-9362A0BCC5C1}.Release|x64.ActiveCfg = Release|x64
		{26434566-01BE-42D4-BD27-9362A0BCC5C1}.Release|x64.Build.0 = Release|x64
		{84724E60-9107-4315-B6AA-DDBC9F853F8A}.Debug|x64.ActiveCfg = Debug|x64
		{84724E60-9107-4315-B6AA-DDBC9F853F8A}.Debug|x64.Build.0 = Debug|x64
		{84724E60-9107-4315-B6AA-DDBC9F853F8A}.Release|x64.ActiveCfg = Release|x64
		{84724E60-9107-4315-B6AA-DDBC9F853F8A}.Release|x64.Build.0 = Release|x64
	EndGlobalSection
	GlobalSection(SolutionProperties) = preSolution
		HideSolutionNode = FALSE
	EndGlobalSection
	GlobalSection(ExtensibilityGlobals) = postSolution
		SolutionGuid = {88467CCB-3F38-4BC1-BFF4-98F8CF4B7837}
	EndGlobalSection
EndGlobal
